
Microsoft Visual Studio Solution File, Format Version 12.00
# Visual Studio Version 17
VisualStudioVersion = 17.13.35806.99 d17.13
MinimumVisualStudioVersion = 10.0.40219.1
Project("{FAE04EC0-301F-11D3-BF4B-00C04F79EFBC}") = "API_Semaine_Productive", "API_Semaine_Productive.csproj", "{456AB748-CABE-4012-BBF1-309734A7C26D}"
EndProject
Global
	GlobalSection(SolutionConfigurationPlatforms) = preSolution
		Debug|Any CPU = Debug|Any CPU
		Release|Any CPU = Release|Any CPU
	EndGlobalSection
	GlobalSection(ProjectConfigurationPlatforms) = postSolution
		{456AB748-CABE-4012-BBF1-309734A7C26D}.Debug|Any CPU.ActiveCfg = Debug|Any CPU
		{456AB748-CABE-4012-BBF1-309734A7C26D}.Debug|Any CPU.Build.0 = Debug|Any CPU
		{456AB748-CABE-4012-BBF1-309734A7C26D}.Release|Any CPU.ActiveCfg = Release|Any CPU
		{456AB748-CABE-4012-BBF1-309734A7C26D}.Release|Any CPU.Build.0 = Release|Any CPU
	EndGlobalSection
	GlobalSection(SolutionProperties) = preSolution
		HideSolutionNode = FALSE
	EndGlobalSection
	GlobalSection(ExtensibilityGlobals) = postSolution
		SolutionGuid = {13DCCD4B-1B5D-4E77-AF92-0481B373295F}
	EndGlobalSection
EndGlobal
